
Microsoft Visual Studio Solution File, Format Version 12.00
# Visual Studio 2012
Project("{FAE04EC0-301F-11D3-BF4B-00C04F79EFBC}") = "015__Structures", "015__Structures\015__Structures.csproj", "{C0DF075A-7AE1-4602-96C1-35AEE1EE8F7D}"
EndProject
Global
	GlobalSection(SolutionConfigurationPlatforms) = preSolution
		Debug|Any CPU = Debug|Any CPU
		Release|Any CPU = Release|Any CPU
	EndGlobalSection
	GlobalSection(ProjectConfigurationPlatforms) = postSolution
		{C0DF075A-7AE1-4602-96C1-35AEE1EE8F7D}.Debug|Any CPU.ActiveCfg = Debug|Any CPU
		{C0DF075A-7AE1-4602-96C1-35AEE1EE8F7D}.Debug|Any CPU.Build.0 = Debug|Any CPU
		{C0DF075A-7AE1-4602-96C1-35AEE1EE8F7D}.Release|Any CPU.ActiveCfg = Release|Any CPU
		{C0DF075A-7AE1-4602-96C1-35AEE1EE8F7D}.Release|Any CPU.Build.0 = Release|Any CPU
	EndGlobalSection
	GlobalSection(SolutionProperties) = preSolution
		HideSolutionNode = FALSE
	EndGlobalSection
EndGlobal
