
Microsoft Visual Studio Solution File, Format Version 12.00
# Visual Studio 2012
Project("{FAE04EC0-301F-11D3-BF4B-00C04F79EFBC}") = "002__Basic_Syntax", "002__Basic_Syntax\002__Basic_Syntax.csproj", "{1225AAEA-8C72-426E-B1F8-49CF0FDF90F1}"
EndProject
Global
	GlobalSection(SolutionConfigurationPlatforms) = preSolution
		Debug|Any CPU = Debug|Any CPU
		Release|Any CPU = Release|Any CPU
	EndGlobalSection
	GlobalSection(ProjectConfigurationPlatforms) = postSolution
		{1225AAEA-8C72-426E-B1F8-49CF0FDF90F1}.Debug|Any CPU.ActiveCfg = Debug|Any CPU
		{1225AAEA-8C72-426E-B1F8-49CF0FDF90F1}.Debug|Any CPU.Build.0 = Debug|Any CPU
		{1225AAEA-8C72-426E-B1F8-49CF0FDF90F1}.Release|Any CPU.ActiveCfg = Release|Any CPU
		{1225AAEA-8C72-426E-B1F8-49CF0FDF90F1}.Release|Any CPU.Build.0 = Release|Any CPU
	EndGlobalSection
	GlobalSection(SolutionProperties) = preSolution
		HideSolutionNode = FALSE
	EndGlobalSection
EndGlobal
