
Microsoft Visual Studio Solution File, Format Version 12.00
# Visual Studio 2012
Project("{FAE04EC0-301F-11D3-BF4B-00C04F79EFBC}") = "031__Delegates", "031__Delegates\031__Delegates.csproj", "{D5264419-83CF-4BB4-B4B3-04D021CD7227}"
EndProject
Global
	GlobalSection(SolutionConfigurationPlatforms) = preSolution
		Debug|Any CPU = Debug|Any CPU
		Release|Any CPU = Release|Any CPU
	EndGlobalSection
	GlobalSection(ProjectConfigurationPlatforms) = postSolution
		{D5264419-83CF-4BB4-B4B3-04D021CD7227}.Debug|Any CPU.ActiveCfg = Debug|Any CPU
		{D5264419-83CF-4BB4-B4B3-04D021CD7227}.Debug|Any CPU.Build.0 = Debug|Any CPU
		{D5264419-83CF-4BB4-B4B3-04D021CD7227}.Release|Any CPU.ActiveCfg = Release|Any CPU
		{D5264419-83CF-4BB4-B4B3-04D021CD7227}.Release|Any CPU.Build.0 = Release|Any CPU
	EndGlobalSection
	GlobalSection(SolutionProperties) = preSolution
		HideSolutionNode = FALSE
	EndGlobalSection
EndGlobal
