
Microsoft Visual Studio Solution File, Format Version 12.00
# Visual Studio 2012
Project("{FAE04EC0-301F-11D3-BF4B-00C04F79EFBC}") = "024__Threading", "024__Threading\024__Threading.csproj", "{586CA52F-AD06-4FFC-9918-2C1AED67252A}"
EndProject
Global
	GlobalSection(SolutionConfigurationPlatforms) = preSolution
		Debug|Any CPU = Debug|Any CPU
		Release|Any CPU = Release|Any CPU
	EndGlobalSection
	GlobalSection(ProjectConfigurationPlatforms) = postSolution
		{586CA52F-AD06-4FFC-9918-2C1AED67252A}.Debug|Any CPU.ActiveCfg = Debug|Any CPU
		{586CA52F-AD06-4FFC-9918-2C1AED67252A}.Debug|Any CPU.Build.0 = Debug|Any CPU
		{586CA52F-AD06-4FFC-9918-2C1AED67252A}.Release|Any CPU.ActiveCfg = Release|Any CPU
		{586CA52F-AD06-4FFC-9918-2C1AED67252A}.Release|Any CPU.Build.0 = Release|Any CPU
	EndGlobalSection
	GlobalSection(SolutionProperties) = preSolution
		HideSolutionNode = FALSE
	EndGlobalSection
EndGlobal
