
Microsoft Visual Studio Solution File, Format Version 12.00
# Visual Studio 2012
Project("{FAE04EC0-301F-11D3-BF4B-00C04F79EFBC}") = "008__Validation", "008__Validation\008__Validation.csproj", "{D9FA1BB7-9949-4ABC-BC7F-6D73F3B1838B}"
EndProject
Global
	GlobalSection(SolutionConfigurationPlatforms) = preSolution
		Debug|Any CPU = Debug|Any CPU
		Release|Any CPU = Release|Any CPU
	EndGlobalSection
	GlobalSection(ProjectConfigurationPlatforms) = postSolution
		{D9FA1BB7-9949-4ABC-BC7F-6D73F3B1838B}.Debug|Any CPU.ActiveCfg = Debug|Any CPU
		{D9FA1BB7-9949-4ABC-BC7F-6D73F3B1838B}.Debug|Any CPU.Build.0 = Debug|Any CPU
		{D9FA1BB7-9949-4ABC-BC7F-6D73F3B1838B}.Release|Any CPU.ActiveCfg = Release|Any CPU
		{D9FA1BB7-9949-4ABC-BC7F-6D73F3B1838B}.Release|Any CPU.Build.0 = Release|Any CPU
	EndGlobalSection
	GlobalSection(SolutionProperties) = preSolution
		HideSolutionNode = FALSE
	EndGlobalSection
EndGlobal
