
Microsoft Visual Studio Solution File, Format Version 12.00
# Visual Studio 2012
Project("{FAE04EC0-301F-11D3-BF4B-00C04F79EFBC}") = "005__HTMLServer", "005__HTMLServer\005__HTMLServer.csproj", "{1A6FB1ED-C55F-45ED-B24B-C6F5D4945593}"
EndProject
Global
	GlobalSection(SolutionConfigurationPlatforms) = preSolution
		Debug|Any CPU = Debug|Any CPU
		Release|Any CPU = Release|Any CPU
	EndGlobalSection
	GlobalSection(ProjectConfigurationPlatforms) = postSolution
		{1A6FB1ED-C55F-45ED-B24B-C6F5D4945593}.Debug|Any CPU.ActiveCfg = Debug|Any CPU
		{1A6FB1ED-C55F-45ED-B24B-C6F5D4945593}.Debug|Any CPU.Build.0 = Debug|Any CPU
		{1A6FB1ED-C55F-45ED-B24B-C6F5D4945593}.Release|Any CPU.ActiveCfg = Release|Any CPU
		{1A6FB1ED-C55F-45ED-B24B-C6F5D4945593}.Release|Any CPU.Build.0 = Release|Any CPU
	EndGlobalSection
	GlobalSection(SolutionProperties) = preSolution
		HideSolutionNode = FALSE
	EndGlobalSection
EndGlobal
