
Microsoft Visual Studio Solution File, Format Version 12.00
# Visual Studio 2012
Project("{FAE04EC0-301F-11D3-BF4B-00C04F79EFBC}") = "006__Constants_and_Literals", "006__Constants_and_Literals\006__Constants_and_Literals.csproj", "{A3107C28-A28E-423E-81A5-536C3A83C608}"
EndProject
Global
	GlobalSection(SolutionConfigurationPlatforms) = preSolution
		Debug|Any CPU = Debug|Any CPU
		Release|Any CPU = Release|Any CPU
	EndGlobalSection
	GlobalSection(ProjectConfigurationPlatforms) = postSolution
		{A3107C28-A28E-423E-81A5-536C3A83C608}.Debug|Any CPU.ActiveCfg = Debug|Any CPU
		{A3107C28-A28E-423E-81A5-536C3A83C608}.Debug|Any CPU.Build.0 = Debug|Any CPU
		{A3107C28-A28E-423E-81A5-536C3A83C608}.Release|Any CPU.ActiveCfg = Release|Any CPU
		{A3107C28-A28E-423E-81A5-536C3A83C608}.Release|Any CPU.Build.0 = Release|Any CPU
	EndGlobalSection
	GlobalSection(SolutionProperties) = preSolution
		HideSolutionNode = FALSE
	EndGlobalSection
EndGlobal
