
Microsoft Visual Studio Solution File, Format Version 12.00
# Visual Studio 2012
Project("{FAE04EC0-301F-11D3-BF4B-00C04F79EFBC}") = "021__Security", "021__Security\021__Security.csproj", "{3F2218A5-3CF7-4B42-A8BA-9EF3E5070A1B}"
EndProject
Global
	GlobalSection(SolutionConfigurationPlatforms) = preSolution
		Debug|Any CPU = Debug|Any CPU
		Release|Any CPU = Release|Any CPU
	EndGlobalSection
	GlobalSection(ProjectConfigurationPlatforms) = postSolution
		{3F2218A5-3CF7-4B42-A8BA-9EF3E5070A1B}.Debug|Any CPU.ActiveCfg = Debug|Any CPU
		{3F2218A5-3CF7-4B42-A8BA-9EF3E5070A1B}.Debug|Any CPU.Build.0 = Debug|Any CPU
		{3F2218A5-3CF7-4B42-A8BA-9EF3E5070A1B}.Release|Any CPU.ActiveCfg = Release|Any CPU
		{3F2218A5-3CF7-4B42-A8BA-9EF3E5070A1B}.Release|Any CPU.Build.0 = Release|Any CPU
	EndGlobalSection
	GlobalSection(SolutionProperties) = preSolution
		HideSolutionNode = FALSE
	EndGlobalSection
EndGlobal
