
Microsoft Visual Studio Solution File, Format Version 12.00
# Visual Studio 2012
Project("{FAE04EC0-301F-11D3-BF4B-00C04F79EFBC}") = "027__Attributes", "027__Attributes\027__Attributes.csproj", "{4E36ADEE-A42D-47E4-8204-506F4A5477DD}"
EndProject
Global
	GlobalSection(SolutionConfigurationPlatforms) = preSolution
		Debug|Any CPU = Debug|Any CPU
		Release|Any CPU = Release|Any CPU
	EndGlobalSection
	GlobalSection(ProjectConfigurationPlatforms) = postSolution
		{4E36ADEE-A42D-47E4-8204-506F4A5477DD}.Debug|Any CPU.ActiveCfg = Debug|Any CPU
		{4E36ADEE-A42D-47E4-8204-506F4A5477DD}.Debug|Any CPU.Build.0 = Debug|Any CPU
		{4E36ADEE-A42D-47E4-8204-506F4A5477DD}.Release|Any CPU.ActiveCfg = Release|Any CPU
		{4E36ADEE-A42D-47E4-8204-506F4A5477DD}.Release|Any CPU.Build.0 = Release|Any CPU
	EndGlobalSection
	GlobalSection(SolutionProperties) = preSolution
		HideSolutionNode = FALSE
	EndGlobalSection
EndGlobal
