
Microsoft Visual Studio Solution File, Format Version 12.00
# Visual Studio 2012
Project("{FAE04EC0-301F-11D3-BF4B-00C04F79EFBC}") = "028__Reflection", "028__Reflection\028__Reflection.csproj", "{222ED933-0D10-4C24-B43F-EE1EFAF5F44B}"
EndProject
Global
	GlobalSection(SolutionConfigurationPlatforms) = preSolution
		Debug|Any CPU = Debug|Any CPU
		Release|Any CPU = Release|Any CPU
	EndGlobalSection
	GlobalSection(ProjectConfigurationPlatforms) = postSolution
		{222ED933-0D10-4C24-B43F-EE1EFAF5F44B}.Debug|Any CPU.ActiveCfg = Debug|Any CPU
		{222ED933-0D10-4C24-B43F-EE1EFAF5F44B}.Debug|Any CPU.Build.0 = Debug|Any CPU
		{222ED933-0D10-4C24-B43F-EE1EFAF5F44B}.Release|Any CPU.ActiveCfg = Release|Any CPU
		{222ED933-0D10-4C24-B43F-EE1EFAF5F44B}.Release|Any CPU.Build.0 = Release|Any CPU
	EndGlobalSection
	GlobalSection(SolutionProperties) = preSolution
		HideSolutionNode = FALSE
	EndGlobalSection
EndGlobal
