
Microsoft Visual Studio Solution File, Format Version 12.00
# Visual Studio 2012
Project("{FAE04EC0-301F-11D3-BF4B-00C04F79EFBC}") = "033__Collections", "033__Collections\033__Collections.csproj", "{5407FAA9-0E24-4083-AD82-CADA085F1789}"
EndProject
Global
	GlobalSection(SolutionConfigurationPlatforms) = preSolution
		Debug|Any CPU = Debug|Any CPU
		Release|Any CPU = Release|Any CPU
	EndGlobalSection
	GlobalSection(ProjectConfigurationPlatforms) = postSolution
		{5407FAA9-0E24-4083-AD82-CADA085F1789}.Debug|Any CPU.ActiveCfg = Debug|Any CPU
		{5407FAA9-0E24-4083-AD82-CADA085F1789}.Debug|Any CPU.Build.0 = Debug|Any CPU
		{5407FAA9-0E24-4083-AD82-CADA085F1789}.Release|Any CPU.ActiveCfg = Release|Any CPU
		{5407FAA9-0E24-4083-AD82-CADA085F1789}.Release|Any CPU.Build.0 = Release|Any CPU
	EndGlobalSection
	GlobalSection(SolutionProperties) = preSolution
		HideSolutionNode = FALSE
	EndGlobalSection
EndGlobal
