
Microsoft Visual Studio Solution File, Format Version 12.00
# Visual Studio 2012
Project("{FAE04EC0-301F-11D3-BF4B-00C04F79EFBC}") = "005__Variables", "005__Variables\005__Variables.csproj", "{F75883EC-B5B4-4299-8449-B53D46300068}"
EndProject
Global
	GlobalSection(SolutionConfigurationPlatforms) = preSolution
		Debug|Any CPU = Debug|Any CPU
		Release|Any CPU = Release|Any CPU
	EndGlobalSection
	GlobalSection(ProjectConfigurationPlatforms) = postSolution
		{F75883EC-B5B4-4299-8449-B53D46300068}.Debug|Any CPU.ActiveCfg = Debug|Any CPU
		{F75883EC-B5B4-4299-8449-B53D46300068}.Debug|Any CPU.Build.0 = Debug|Any CPU
		{F75883EC-B5B4-4299-8449-B53D46300068}.Release|Any CPU.ActiveCfg = Release|Any CPU
		{F75883EC-B5B4-4299-8449-B53D46300068}.Release|Any CPU.Build.0 = Release|Any CPU
	EndGlobalSection
	GlobalSection(SolutionProperties) = preSolution
		HideSolutionNode = FALSE
	EndGlobalSection
EndGlobal
