
Microsoft Visual Studio Solution File, Format Version 12.00
# Visual Studio 2012
Project("{FAE04EC0-301F-11D3-BF4B-00C04F79EFBC}") = "029__Properties", "029__Properties\029__Properties.csproj", "{29C17F4C-9F29-4AD5-886B-390D5AF640DE}"
EndProject
Global
	GlobalSection(SolutionConfigurationPlatforms) = preSolution
		Debug|Any CPU = Debug|Any CPU
		Release|Any CPU = Release|Any CPU
	EndGlobalSection
	GlobalSection(ProjectConfigurationPlatforms) = postSolution
		{29C17F4C-9F29-4AD5-886B-390D5AF640DE}.Debug|Any CPU.ActiveCfg = Debug|Any CPU
		{29C17F4C-9F29-4AD5-886B-390D5AF640DE}.Debug|Any CPU.Build.0 = Debug|Any CPU
		{29C17F4C-9F29-4AD5-886B-390D5AF640DE}.Release|Any CPU.ActiveCfg = Release|Any CPU
		{29C17F4C-9F29-4AD5-886B-390D5AF640DE}.Release|Any CPU.Build.0 = Release|Any CPU
	EndGlobalSection
	GlobalSection(SolutionProperties) = preSolution
		HideSolutionNode = FALSE
	EndGlobalSection
EndGlobal
